
Microsoft Visual Studio Solution File, Format Version 12.00
# Visual Studio 14
VisualStudioVersion = 14.0.25420.1
MinimumVisualStudioVersion = 10.0.40219.1
Project("{FAE04EC0-301F-11D3-BF4B-00C04F79EFBC}") = "ClassesAndInterfaces", "ClassesAndInterfaces\ClassesAndInterfaces.csproj", "{E21B077C-59AA-4006-8EAE-8CC867165AF1}"
EndProject
Project("{FAE04EC0-301F-11D3-BF4B-00C04F79EFBC}") = "EventsAndDelegates", "EventsAndDelegates\EventsAndDelegates.csproj", "{B9953EA3-6CE8-4CB4-960F-35DE826B2353}"
EndProject
Project("{FAE04EC0-301F-11D3-BF4B-00C04F79EFBC}") = "LinqAndLambda", "LinqAndLambda\LinqAndLambda.csproj", "{6427881E-A75E-4FBC-8117-27D76EFBD0E9}"
EndProject
Project("{FAE04EC0-301F-11D3-BF4B-00C04F79EFBC}") = "HelloWorldWebServer", "HelloWorldWebServer\HelloWorldWebServer.csproj", "{888507C8-6716-47FD-B639-B58BCD041CF5}"
EndProject
Project("{FAE04EC0-301F-11D3-BF4B-00C04F79EFBC}") = "Generics", "Generics\Generics.csproj", "{8A834CD3-EF4C-408A-BE27-50A89C28FA95}"
EndProject
Project("{2150E333-8FDC-42A3-9474-1A3956D46DE8}") = "CSharpFundamentals", "CSharpFundamentals", "{3E31790E-D9CC-4E4C-B3EF-38D243A72C3E}"
EndProject
Project("{2150E333-8FDC-42A3-9474-1A3956D46DE8}") = "XamarinFormsLayout", "XamarinFormsLayout", "{25337AF4-1DCD-4521-AA42-F6090F604081}"
EndProject
Project("{FAE04EC0-301F-11D3-BF4B-00C04F79EFBC}") = "XamarinFormsLayout", "XamarinFormsLayout\XamarinFormsLayout\XamarinFormsLayout.csproj", "{DE8CD5F7-ECC4-463B-A1BA-2E163C947741}"
EndProject
Project("{FAE04EC0-301F-11D3-BF4B-00C04F79EFBC}") = "XamarinFormsLayout.Droid", "XamarinFormsLayout\XamarinFormsLayout.Droid\XamarinFormsLayout.Droid.csproj", "{D4395415-E7F3-46AD-9A9F-D81111F271AA}"
EndProject
Project("{FAE04EC0-301F-11D3-BF4B-00C04F79EFBC}") = "XamarinFormsLayout.iOS", "XamarinFormsLayout\XamarinFormsLayout.iOS\XamarinFormsLayout.iOS.csproj", "{69FF56ED-7339-4B82-8BEE-C2DEEC0F715E}"
EndProject
Project("{FAE04EC0-301F-11D3-BF4B-00C04F79EFBC}") = "XamarinFormsLayout.WinPhone", "XamarinFormsLayout\XamarinFormsLayout.WinPhone\XamarinFormsLayout.WinPhone.csproj", "{30856991-365E-4B95-B441-D288400BA35D}"
EndProject
Project("{FAE04EC0-301F-11D3-BF4B-00C04F79EFBC}") = "XamarinFormsLayout.UWP", "XamarinFormsLayout\XamarinFormsLayout.UWP\XamarinFormsLayout.UWP.csproj", "{D909B9C4-1D46-4ABF-8627-E7438CC80796}"
EndProject
Project("{FAE04EC0-301F-11D3-BF4B-00C04F79EFBC}") = "XamarinFormsLayout.Windows", "XamarinFormsLayout\XamarinFormsLayout.Windows\XamarinFormsLayout.Windows.csproj", "{3CCAC993-4EDA-401C-A858-16141E7A02E2}"
EndProject
Project("{2150E333-8FDC-42A3-9474-1A3956D46DE8}") = "DataFormats", "DataFormats", "{D60C3BDB-4ED1-48F8-B82D-F019EB8B3F09}"
EndProject
Project("{FAE04EC0-301F-11D3-BF4B-00C04F79EFBC}") = "Json", "Json\Json.csproj", "{9603871B-DC36-4469-8814-332A0FB58704}"
EndProject
Global
	GlobalSection(SolutionConfigurationPlatforms) = preSolution
		Ad-Hoc|Any CPU = Ad-Hoc|Any CPU
		Ad-Hoc|ARM = Ad-Hoc|ARM
		Ad-Hoc|iPhone = Ad-Hoc|iPhone
		Ad-Hoc|iPhoneSimulator = Ad-Hoc|iPhoneSimulator
		Ad-Hoc|x64 = Ad-Hoc|x64
		Ad-Hoc|x86 = Ad-Hoc|x86
		AppStore|Any CPU = AppStore|Any CPU
		AppStore|ARM = AppStore|ARM
		AppStore|iPhone = AppStore|iPhone
		AppStore|iPhoneSimulator = AppStore|iPhoneSimulator
		AppStore|x64 = AppStore|x64
		AppStore|x86 = AppStore|x86
		Debug|Any CPU = Debug|Any CPU
		Debug|ARM = Debug|ARM
		Debug|iPhone = Debug|iPhone
		Debug|iPhoneSimulator = Debug|iPhoneSimulator
		Debug|x64 = Debug|x64
		Debug|x86 = Debug|x86
		Release|Any CPU = Release|Any CPU
		Release|ARM = Release|ARM
		Release|iPhone = Release|iPhone
		Release|iPhoneSimulator = Release|iPhoneSimulator
		Release|x64 = Release|x64
		Release|x86 = Release|x86
	EndGlobalSection
	GlobalSection(ProjectConfigurationPlatforms) = postSolution
		{E21B077C-59AA-4006-8EAE-8CC867165AF1}.Ad-Hoc|Any CPU.ActiveCfg = Release|Any CPU
		{E21B077C-59AA-4006-8EAE-8CC867165AF1}.Ad-Hoc|Any CPU.Build.0 = Release|Any CPU
		{E21B077C-59AA-4006-8EAE-8CC867165AF1}.Ad-Hoc|ARM.ActiveCfg = Release|Any CPU
		{E21B077C-59AA-4006-8EAE-8CC867165AF1}.Ad-Hoc|ARM.Build.0 = Release|Any CPU
		{E21B077C-59AA-4006-8EAE-8CC867165AF1}.Ad-Hoc|iPhone.ActiveCfg = Release|Any CPU
		{E21B077C-59AA-4006-8EAE-8CC867165AF1}.Ad-Hoc|iPhone.Build.0 = Release|Any CPU
		{E21B077C-59AA-4006-8EAE-8CC867165AF1}.Ad-Hoc|iPhoneSimulator.ActiveCfg = Release|Any CPU
		{E21B077C-59AA-4006-8EAE-8CC867165AF1}.Ad-Hoc|iPhoneSimulator.Build.0 = Release|Any CPU
		{E21B077C-59AA-4006-8EAE-8CC867165AF1}.Ad-Hoc|x64.ActiveCfg = Release|Any CPU
		{E21B077C-59AA-4006-8EAE-8CC867165AF1}.Ad-Hoc|x64.Build.0 = Release|Any CPU
		{E21B077C-59AA-4006-8EAE-8CC867165AF1}.Ad-Hoc|x86.ActiveCfg = Release|Any CPU
		{E21B077C-59AA-4006-8EAE-8CC867165AF1}.Ad-Hoc|x86.Build.0 = Release|Any CPU
		{E21B077C-59AA-4006-8EAE-8CC867165AF1}.AppStore|Any CPU.ActiveCfg = Release|Any CPU
		{E21B077C-59AA-4006-8EAE-8CC867165AF1}.AppStore|Any CPU.Build.0 = Release|Any CPU
		{E21B077C-59AA-4006-8EAE-8CC867165AF1}.AppStore|ARM.ActiveCfg = Release|Any CPU
		{E21B077C-59AA-4006-8EAE-8CC867165AF1}.AppStore|ARM.Build.0 = Release|Any CPU
		{E21B077C-59AA-4006-8EAE-8CC867165AF1}.AppStore|iPhone.ActiveCfg = Release|Any CPU
		{E21B077C-59AA-4006-8EAE-8CC867165AF1}.AppStore|iPhone.Build.0 = Release|Any CPU
		{E21B077C-59AA-4006-8EAE-8CC867165AF1}.AppStore|iPhoneSimulator.ActiveCfg = Release|Any CPU
		{E21B077C-59AA-4006-8EAE-8CC867165AF1}.AppStore|iPhoneSimulator.Build.0 = Release|Any CPU
		{E21B077C-59AA-4006-8EAE-8CC867165AF1}.AppStore|x64.ActiveCfg = Release|Any CPU
		{E21B077C-59AA-4006-8EAE-8CC867165AF1}.AppStore|x64.Build.0 = Release|Any CPU
		{E21B077C-59AA-4006-8EAE-8CC867165AF1}.AppStore|x86.ActiveCfg = Release|Any CPU
		{E21B077C-59AA-4006-8EAE-8CC867165AF1}.AppStore|x86.Build.0 = Release|Any CPU
		{E21B077C-59AA-4006-8EAE-8CC867165AF1}.Debug|Any CPU.ActiveCfg = Debug|Any CPU
		{E21B077C-59AA-4006-8EAE-8CC867165AF1}.Debug|Any CPU.Build.0 = Debug|Any CPU
		{E21B077C-59AA-4006-8EAE-8CC867165AF1}.Debug|ARM.ActiveCfg = Debug|Any CPU
		{E21B077C-59AA-4006-8EAE-8CC867165AF1}.Debug|ARM.Build.0 = Debug|Any CPU
		{E21B077C-59AA-4006-8EAE-8CC867165AF1}.Debug|iPhone.ActiveCfg = Debug|Any CPU
		{E21B077C-59AA-4006-8EAE-8CC867165AF1}.Debug|iPhone.Build.0 = Debug|Any CPU
		{E21B077C-59AA-4006-8EAE-8CC867165AF1}.Debug|iPhoneSimulator.ActiveCfg = Debug|Any CPU
		{E21B077C-59AA-4006-8EAE-8CC867165AF1}.Debug|iPhoneSimulator.Build.0 = Debug|Any CPU
		{E21B077C-59AA-4006-8EAE-8CC867165AF1}.Debug|x64.ActiveCfg = Debug|Any CPU
		{E21B077C-59AA-4006-8EAE-8CC867165AF1}.Debug|x64.Build.0 = Debug|Any CPU
		{E21B077C-59AA-4006-8EAE-8CC867165AF1}.Debug|x86.ActiveCfg = Debug|Any CPU
		{E21B077C-59AA-4006-8EAE-8CC867165AF1}.Debug|x86.Build.0 = Debug|Any CPU
		{E21B077C-59AA-4006-8EAE-8CC867165AF1}.Release|Any CPU.ActiveCfg = Release|Any CPU
		{E21B077C-59AA-4006-8EAE-8CC867165AF1}.Release|Any CPU.Build.0 = Release|Any CPU
		{E21B077C-59AA-4006-8EAE-8CC867165AF1}.Release|ARM.ActiveCfg = Release|Any CPU
		{E21B077C-59AA-4006-8EAE-8CC867165AF1}.Release|ARM.Build.0 = Release|Any CPU
		{E21B077C-59AA-4006-8EAE-8CC867165AF1}.Release|iPhone.ActiveCfg = Release|Any CPU
		{E21B077C-59AA-4006-8EAE-8CC867165AF1}.Release|iPhone.Build.0 = Release|Any CPU
		{E21B077C-59AA-4006-8EAE-8CC867165AF1}.Release|iPhoneSimulator.ActiveCfg = Release|Any CPU
		{E21B077C-59AA-4006-8EAE-8CC867165AF1}.Release|iPhoneSimulator.Build.0 = Release|Any CPU
		{E21B077C-59AA-4006-8EAE-8CC867165AF1}.Release|x64.ActiveCfg = Release|Any CPU
		{E21B077C-59AA-4006-8EAE-8CC867165AF1}.Release|x64.Build.0 = Release|Any CPU
		{E21B077C-59AA-4006-8EAE-8CC867165AF1}.Release|x86.ActiveCfg = Release|Any CPU
		{E21B077C-59AA-4006-8EAE-8CC867165AF1}.Release|x86.Build.0 = Release|Any CPU
		{B9953EA3-6CE8-4CB4-960F-35DE826B2353}.Ad-Hoc|Any CPU.ActiveCfg = Release|Any CPU
		{B9953EA3-6CE8-4CB4-960F-35DE826B2353}.Ad-Hoc|Any CPU.Build.0 = Release|Any CPU
		{B9953EA3-6CE8-4CB4-960F-35DE826B2353}.Ad-Hoc|ARM.ActiveCfg = Release|Any CPU
		{B9953EA3-6CE8-4CB4-960F-35DE826B2353}.Ad-Hoc|ARM.Build.0 = Release|Any CPU
		{B9953EA3-6CE8-4CB4-960F-35DE826B2353}.Ad-Hoc|iPhone.ActiveCfg = Release|Any CPU
		{B9953EA3-6CE8-4CB4-960F-35DE826B2353}.Ad-Hoc|iPhone.Build.0 = Release|Any CPU
		{B9953EA3-6CE8-4CB4-960F-35DE826B2353}.Ad-Hoc|iPhoneSimulator.ActiveCfg = Release|Any CPU
		{B9953EA3-6CE8-4CB4-960F-35DE826B2353}.Ad-Hoc|iPhoneSimulator.Build.0 = Release|Any CPU
		{B9953EA3-6CE8-4CB4-960F-35DE826B2353}.Ad-Hoc|x64.ActiveCfg = Release|Any CPU
		{B9953EA3-6CE8-4CB4-960F-35DE826B2353}.Ad-Hoc|x64.Build.0 = Release|Any CPU
		{B9953EA3-6CE8-4CB4-960F-35DE826B2353}.Ad-Hoc|x86.ActiveCfg = Release|Any CPU
		{B9953EA3-6CE8-4CB4-960F-35DE826B2353}.Ad-Hoc|x86.Build.0 = Release|Any CPU
		{B9953EA3-6CE8-4CB4-960F-35DE826B2353}.AppStore|Any CPU.ActiveCfg = Release|Any CPU
		{B9953EA3-6CE8-4CB4-960F-35DE826B2353}.AppStore|Any CPU.Build.0 = Release|Any CPU
		{B9953EA3-6CE8-4CB4-960F-35DE826B2353}.AppStore|ARM.ActiveCfg = Release|Any CPU
		{B9953EA3-6CE8-4CB4-960F-35DE826B2353}.AppStore|ARM.Build.0 = Release|Any CPU
		{B9953EA3-6CE8-4CB4-960F-35DE826B2353}.AppStore|iPhone.ActiveCfg = Release|Any CPU
		{B9953EA3-6CE8-4CB4-960F-35DE826B2353}.AppStore|iPhone.Build.0 = Release|Any CPU
		{B9953EA3-6CE8-4CB4-960F-35DE826B2353}.AppStore|iPhoneSimulator.ActiveCfg = Release|Any CPU
		{B9953EA3-6CE8-4CB4-960F-35DE826B2353}.AppStore|iPhoneSimulator.Build.0 = Release|Any CPU
		{B9953EA3-6CE8-4CB4-960F-35DE826B2353}.AppStore|x64.ActiveCfg = Release|Any CPU
		{B9953EA3-6CE8-4CB4-960F-35DE826B2353}.AppStore|x64.Build.0 = Release|Any CPU
		{B9953EA3-6CE8-4CB4-960F-35DE826B2353}.AppStore|x86.ActiveCfg = Release|Any CPU
		{B9953EA3-6CE8-4CB4-960F-35DE826B2353}.AppStore|x86.Build.0 = Release|Any CPU
		{B9953EA3-6CE8-4CB4-960F-35DE826B2353}.Debug|Any CPU.ActiveCfg = Debug|Any CPU
		{B9953EA3-6CE8-4CB4-960F-35DE826B2353}.Debug|Any CPU.Build.0 = Debug|Any CPU
		{B9953EA3-6CE8-4CB4-960F-35DE826B2353}.Debug|ARM.ActiveCfg = Debug|Any CPU
		{B9953EA3-6CE8-4CB4-960F-35DE826B2353}.Debug|ARM.Build.0 = Debug|Any CPU
		{B9953EA3-6CE8-4CB4-960F-35DE826B2353}.Debug|iPhone.ActiveCfg = Debug|Any CPU
		{B9953EA3-6CE8-4CB4-960F-35DE826B2353}.Debug|iPhone.Build.0 = Debug|Any CPU
		{B9953EA3-6CE8-4CB4-960F-35DE826B2353}.Debug|iPhoneSimulator.ActiveCfg = Debug|Any CPU
		{B9953EA3-6CE8-4CB4-960F-35DE826B2353}.Debug|iPhoneSimulator.Build.0 = Debug|Any CPU
		{B9953EA3-6CE8-4CB4-960F-35DE826B2353}.Debug|x64.ActiveCfg = Debug|Any CPU
		{B9953EA3-6CE8-4CB4-960F-35DE826B2353}.Debug|x64.Build.0 = Debug|Any CPU
		{B9953EA3-6CE8-4CB4-960F-35DE826B2353}.Debug|x86.ActiveCfg = Debug|Any CPU
		{B9953EA3-6CE8-4CB4-960F-35DE826B2353}.Debug|x86.Build.0 = Debug|Any CPU
		{B9953EA3-6CE8-4CB4-960F-35DE826B2353}.Release|Any CPU.ActiveCfg = Release|Any CPU
		{B9953EA3-6CE8-4CB4-960F-35DE826B2353}.Release|Any CPU.Build.0 = Release|Any CPU
		{B9953EA3-6CE8-4CB4-960F-35DE826B2353}.Release|ARM.ActiveCfg = Release|Any CPU
		{B9953EA3-6CE8-4CB4-960F-35DE826B2353}.Release|ARM.Build.0 = Release|Any CPU
		{B9953EA3-6CE8-4CB4-960F-35DE826B2353}.Release|iPhone.ActiveCfg = Release|Any CPU
		{B9953EA3-6CE8-4CB4-960F-35DE826B2353}.Release|iPhone.Build.0 = Release|Any CPU
		{B9953EA3-6CE8-4CB4-960F-35DE826B2353}.Release|iPhoneSimulator.ActiveCfg = Release|Any CPU
		{B9953EA3-6CE8-4CB4-960F-35DE826B2353}.Release|iPhoneSimulator.Build.0 = Release|Any CPU
		{B9953EA3-6CE8-4CB4-960F-35DE826B2353}.Release|x64.ActiveCfg = Release|Any CPU
		{B9953EA3-6CE8-4CB4-960F-35DE826B2353}.Release|x64.Build.0 = Release|Any CPU
		{B9953EA3-6CE8-4CB4-960F-35DE826B2353}.Release|x86.ActiveCfg = Release|Any CPU
		{B9953EA3-6CE8-4CB4-960F-35DE826B2353}.Release|x86.Build.0 = Release|Any CPU
		{6427881E-A75E-4FBC-8117-27D76EFBD0E9}.Ad-Hoc|Any CPU.ActiveCfg = Release|Any CPU
		{6427881E-A75E-4FBC-8117-27D76EFBD0E9}.Ad-Hoc|Any CPU.Build.0 = Release|Any CPU
		{6427881E-A75E-4FBC-8117-27D76EFBD0E9}.Ad-Hoc|ARM.ActiveCfg = Release|Any CPU
		{6427881E-A75E-4FBC-8117-27D76EFBD0E9}.Ad-Hoc|ARM.Build.0 = Release|Any CPU
		{6427881E-A75E-4FBC-8117-27D76EFBD0E9}.Ad-Hoc|iPhone.ActiveCfg = Release|Any CPU
		{6427881E-A75E-4FBC-8117-27D76EFBD0E9}.Ad-Hoc|iPhone.Build.0 = Release|Any CPU
		{6427881E-A75E-4FBC-8117-27D76EFBD0E9}.Ad-Hoc|iPhoneSimulator.ActiveCfg = Release|Any CPU
		{6427881E-A75E-4FBC-8117-27D76EFBD0E9}.Ad-Hoc|iPhoneSimulator.Build.0 = Release|Any CPU
		{6427881E-A75E-4FBC-8117-27D76EFBD0E9}.Ad-Hoc|x64.ActiveCfg = Release|Any CPU
		{6427881E-A75E-4FBC-8117-27D76EFBD0E9}.Ad-Hoc|x64.Build.0 = Release|Any CPU
		{6427881E-A75E-4FBC-8117-27D76EFBD0E9}.Ad-Hoc|x86.ActiveCfg = Release|Any CPU
		{6427881E-A75E-4FBC-8117-27D76EFBD0E9}.Ad-Hoc|x86.Build.0 = Release|Any CPU
		{6427881E-A75E-4FBC-8117-27D76EFBD0E9}.AppStore|Any CPU.ActiveCfg = Release|Any CPU
		{6427881E-A75E-4FBC-8117-27D76EFBD0E9}.AppStore|Any CPU.Build.0 = Release|Any CPU
		{6427881E-A75E-4FBC-8117-27D76EFBD0E9}.AppStore|ARM.ActiveCfg = Release|Any CPU
		{6427881E-A75E-4FBC-8117-27D76EFBD0E9}.AppStore|ARM.Build.0 = Release|Any CPU
		{6427881E-A75E-4FBC-8117-27D76EFBD0E9}.AppStore|iPhone.ActiveCfg = Release|Any CPU
		{6427881E-A75E-4FBC-8117-27D76EFBD0E9}.AppStore|iPhone.Build.0 = Release|Any CPU
		{6427881E-A75E-4FBC-8117-27D76EFBD0E9}.AppStore|iPhoneSimulator.ActiveCfg = Release|Any CPU
		{6427881E-A75E-4FBC-8117-27D76EFBD0E9}.AppStore|iPhoneSimulator.Build.0 = Release|Any CPU
		{6427881E-A75E-4FBC-8117-27D76EFBD0E9}.AppStore|x64.ActiveCfg = Release|Any CPU
		{6427881E-A75E-4FBC-8117-27D76EFBD0E9}.AppStore|x64.Build.0 = Release|Any CPU
		{6427881E-A75E-4FBC-8117-27D76EFBD0E9}.AppStore|x86.ActiveCfg = Release|Any CPU
		{6427881E-A75E-4FBC-8117-27D76EFBD0E9}.AppStore|x86.Build.0 = Release|Any CPU
		{6427881E-A75E-4FBC-8117-27D76EFBD0E9}.Debug|Any CPU.ActiveCfg = Debug|Any CPU
		{6427881E-A75E-4FBC-8117-27D76EFBD0E9}.Debug|Any CPU.Build.0 = Debug|Any CPU
		{6427881E-A75E-4FBC-8117-27D76EFBD0E9}.Debug|ARM.ActiveCfg = Debug|Any CPU
		{6427881E-A75E-4FBC-8117-27D76EFBD0E9}.Debug|ARM.Build.0 = Debug|Any CPU
		{6427881E-A75E-4FBC-8117-27D76EFBD0E9}.Debug|iPhone.ActiveCfg = Debug|Any CPU
		{6427881E-A75E-4FBC-8117-27D76EFBD0E9}.Debug|iPhone.Build.0 = Debug|Any CPU
		{6427881E-A75E-4FBC-8117-27D76EFBD0E9}.Debug|iPhoneSimulator.ActiveCfg = Debug|Any CPU
		{6427881E-A75E-4FBC-8117-27D76EFBD0E9}.Debug|iPhoneSimulator.Build.0 = Debug|Any CPU
		{6427881E-A75E-4FBC-8117-27D76EFBD0E9}.Debug|x64.ActiveCfg = Debug|Any CPU
		{6427881E-A75E-4FBC-8117-27D76EFBD0E9}.Debug|x64.Build.0 = Debug|Any CPU
		{6427881E-A75E-4FBC-8117-27D76EFBD0E9}.Debug|x86.ActiveCfg = Debug|Any CPU
		{6427881E-A75E-4FBC-8117-27D76EFBD0E9}.Debug|x86.Build.0 = Debug|Any CPU
		{6427881E-A75E-4FBC-8117-27D76EFBD0E9}.Release|Any CPU.ActiveCfg = Release|Any CPU
		{6427881E-A75E-4FBC-8117-27D76EFBD0E9}.Release|Any CPU.Build.0 = Release|Any CPU
		{6427881E-A75E-4FBC-8117-27D76EFBD0E9}.Release|ARM.ActiveCfg = Release|Any CPU
		{6427881E-A75E-4FBC-8117-27D76EFBD0E9}.Release|ARM.Build.0 = Release|Any CPU
		{6427881E-A75E-4FBC-8117-27D76EFBD0E9}.Release|iPhone.ActiveCfg = Release|Any CPU
		{6427881E-A75E-4FBC-8117-27D76EFBD0E9}.Release|iPhone.Build.0 = Release|Any CPU
		{6427881E-A75E-4FBC-8117-27D76EFBD0E9}.Release|iPhoneSimulator.ActiveCfg = Release|Any CPU
		{6427881E-A75E-4FBC-8117-27D76EFBD0E9}.Release|iPhoneSimulator.Build.0 = Release|Any CPU
		{6427881E-A75E-4FBC-8117-27D76EFBD0E9}.Release|x64.ActiveCfg = Release|Any CPU
		{6427881E-A75E-4FBC-8117-27D76EFBD0E9}.Release|x64.Build.0 = Release|Any CPU
		{6427881E-A75E-4FBC-8117-27D76EFBD0E9}.Release|x86.ActiveCfg = Release|Any CPU
		{6427881E-A75E-4FBC-8117-27D76EFBD0E9}.Release|x86.Build.0 = Release|Any CPU
		{888507C8-6716-47FD-B639-B58BCD041CF5}.Ad-Hoc|Any CPU.ActiveCfg = Release|Any CPU
		{888507C8-6716-47FD-B639-B58BCD041CF5}.Ad-Hoc|Any CPU.Build.0 = Release|Any CPU
		{888507C8-6716-47FD-B639-B58BCD041CF5}.Ad-Hoc|ARM.ActiveCfg = Release|Any CPU
		{888507C8-6716-47FD-B639-B58BCD041CF5}.Ad-Hoc|ARM.Build.0 = Release|Any CPU
		{888507C8-6716-47FD-B639-B58BCD041CF5}.Ad-Hoc|iPhone.ActiveCfg = Release|Any CPU
		{888507C8-6716-47FD-B639-B58BCD041CF5}.Ad-Hoc|iPhone.Build.0 = Release|Any CPU
		{888507C8-6716-47FD-B639-B58BCD041CF5}.Ad-Hoc|iPhoneSimulator.ActiveCfg = Release|Any CPU
		{888507C8-6716-47FD-B639-B58BCD041CF5}.Ad-Hoc|iPhoneSimulator.Build.0 = Release|Any CPU
		{888507C8-6716-47FD-B639-B58BCD041CF5}.Ad-Hoc|x64.ActiveCfg = Release|Any CPU
		{888507C8-6716-47FD-B639-B58BCD041CF5}.Ad-Hoc|x64.Build.0 = Release|Any CPU
		{888507C8-6716-47FD-B639-B58BCD041CF5}.Ad-Hoc|x86.ActiveCfg = Release|Any CPU
		{888507C8-6716-47FD-B639-B58BCD041CF5}.Ad-Hoc|x86.Build.0 = Release|Any CPU
		{888507C8-6716-47FD-B639-B58BCD041CF5}.AppStore|Any CPU.ActiveCfg = Release|Any CPU
		{888507C8-6716-47FD-B639-B58BCD041CF5}.AppStore|Any CPU.Build.0 = Release|Any CPU
		{888507C8-6716-47FD-B639-B58BCD041CF5}.AppStore|ARM.ActiveCfg = Release|Any CPU
		{888507C8-6716-47FD-B639-B58BCD041CF5}.AppStore|ARM.Build.0 = Release|Any CPU
		{888507C8-6716-47FD-B639-B58BCD041CF5}.AppStore|iPhone.ActiveCfg = Release|Any CPU
		{888507C8-6716-47FD-B639-B58BCD041CF5}.AppStore|iPhone.Build.0 = Release|Any CPU
		{888507C8-6716-47FD-B639-B58BCD041CF5}.AppStore|iPhoneSimulator.ActiveCfg = Release|Any CPU
		{888507C8-6716-47FD-B639-B58BCD041CF5}.AppStore|iPhoneSimulator.Build.0 = Release|Any CPU
		{888507C8-6716-47FD-B639-B58BCD041CF5}.AppStore|x64.ActiveCfg = Release|Any CPU
		{888507C8-6716-47FD-B639-B58BCD041CF5}.AppStore|x64.Build.0 = Release|Any CPU
		{888507C8-6716-47FD-B639-B58BCD041CF5}.AppStore|x86.ActiveCfg = Release|Any CPU
		{888507C8-6716-47FD-B639-B58BCD041CF5}.AppStore|x86.Build.0 = Release|Any CPU
		{888507C8-6716-47FD-B639-B58BCD041CF5}.Debug|Any CPU.ActiveCfg = Debug|Any CPU
		{888507C8-6716-47FD-B639-B58BCD041CF5}.Debug|Any CPU.Build.0 = Debug|Any CPU
		{888507C8-6716-47FD-B639-B58BCD041CF5}.Debug|ARM.ActiveCfg = Debug|Any CPU
		{888507C8-6716-47FD-B639-B58BCD041CF5}.Debug|ARM.Build.0 = Debug|Any CPU
		{888507C8-6716-47FD-B639-B58BCD041CF5}.Debug|iPhone.ActiveCfg = Debug|Any CPU
		{888507C8-6716-47FD-B639-B58BCD041CF5}.Debug|iPhone.Build.0 = Debug|Any CPU
		{888507C8-6716-47FD-B639-B58BCD041CF5}.Debug|iPhoneSimulator.ActiveCfg = Debug|Any CPU
		{888507C8-6716-47FD-B639-B58BCD041CF5}.Debug|iPhoneSimulator.Build.0 = Debug|Any CPU
		{888507C8-6716-47FD-B639-B58BCD041CF5}.Debug|x64.ActiveCfg = Debug|Any CPU
		{888507C8-6716-47FD-B639-B58BCD041CF5}.Debug|x64.Build.0 = Debug|Any CPU
		{888507C8-6716-47FD-B639-B58BCD041CF5}.Debug|x86.ActiveCfg = Debug|Any CPU
		{888507C8-6716-47FD-B639-B58BCD041CF5}.Debug|x86.Build.0 = Debug|Any CPU
		{888507C8-6716-47FD-B639-B58BCD041CF5}.Release|Any CPU.ActiveCfg = Release|Any CPU
		{888507C8-6716-47FD-B639-B58BCD041CF5}.Release|Any CPU.Build.0 = Release|Any CPU
		{888507C8-6716-47FD-B639-B58BCD041CF5}.Release|ARM.ActiveCfg = Release|Any CPU
		{888507C8-6716-47FD-B639-B58BCD041CF5}.Release|ARM.Build.0 = Release|Any CPU
		{888507C8-6716-47FD-B639-B58BCD041CF5}.Release|iPhone.ActiveCfg = Release|Any CPU
		{888507C8-6716-47FD-B639-B58BCD041CF5}.Release|iPhone.Build.0 = Release|Any CPU
		{888507C8-6716-47FD-B639-B58BCD041CF5}.Release|iPhoneSimulator.ActiveCfg = Release|Any CPU
		{888507C8-6716-47FD-B639-B58BCD041CF5}.Release|iPhoneSimulator.Build.0 = Release|Any CPU
		{888507C8-6716-47FD-B639-B58BCD041CF5}.Release|x64.ActiveCfg = Release|Any CPU
		{888507C8-6716-47FD-B639-B58BCD041CF5}.Release|x64.Build.0 = Release|Any CPU
		{888507C8-6716-47FD-B639-B58BCD041CF5}.Release|x86.ActiveCfg = Release|Any CPU
		{888507C8-6716-47FD-B639-B58BCD041CF5}.Release|x86.Build.0 = Release|Any CPU
		{8A834CD3-EF4C-408A-BE27-50A89C28FA95}.Ad-Hoc|Any CPU.ActiveCfg = Release|Any CPU
		{8A834CD3-EF4C-408A-BE27-50A89C28FA95}.Ad-Hoc|Any CPU.Build.0 = Release|Any CPU
		{8A834CD3-EF4C-408A-BE27-50A89C28FA95}.Ad-Hoc|ARM.ActiveCfg = Release|Any CPU
		{8A834CD3-EF4C-408A-BE27-50A89C28FA95}.Ad-Hoc|ARM.Build.0 = Release|Any CPU
		{8A834CD3-EF4C-408A-BE27-50A89C28FA95}.Ad-Hoc|iPhone.ActiveCfg = Release|Any CPU
		{8A834CD3-EF4C-408A-BE27-50A89C28FA95}.Ad-Hoc|iPhone.Build.0 = Release|Any CPU
		{8A834CD3-EF4C-408A-BE27-50A89C28FA95}.Ad-Hoc|iPhoneSimulator.ActiveCfg = Release|Any CPU
		{8A834CD3-EF4C-408A-BE27-50A89C28FA95}.Ad-Hoc|iPhoneSimulator.Build.0 = Release|Any CPU
		{8A834CD3-EF4C-408A-BE27-50A89C28FA95}.Ad-Hoc|x64.ActiveCfg = Release|Any CPU
		{8A834CD3-EF4C-408A-BE27-50A89C28FA95}.Ad-Hoc|x64.Build.0 = Release|Any CPU
		{8A834CD3-EF4C-408A-BE27-50A89C28FA95}.Ad-Hoc|x86.ActiveCfg = Release|Any CPU
		{8A834CD3-EF4C-408A-BE27-50A89C28FA95}.Ad-Hoc|x86.Build.0 = Release|Any CPU
		{8A834CD3-EF4C-408A-BE27-50A89C28FA95}.AppStore|Any CPU.ActiveCfg = Release|Any CPU
		{8A834CD3-EF4C-408A-BE27-50A89C28FA95}.AppStore|Any CPU.Build.0 = Release|Any CPU
		{8A834CD3-EF4C-408A-BE27-50A89C28FA95}.AppStore|ARM.ActiveCfg = Release|Any CPU
		{8A834CD3-EF4C-408A-BE27-50A89C28FA95}.AppStore|ARM.Build.0 = Release|Any CPU
		{8A834CD3-EF4C-408A-BE27-50A89C28FA95}.AppStore|iPhone.ActiveCfg = Release|Any CPU
		{8A834CD3-EF4C-408A-BE27-50A89C28FA95}.AppStore|iPhone.Build.0 = Release|Any CPU
		{8A834CD3-EF4C-408A-BE27-50A89C28FA95}.AppStore|iPhoneSimulator.ActiveCfg = Release|Any CPU
		{8A834CD3-EF4C-408A-BE27-50A89C28FA95}.AppStore|iPhoneSimulator.Build.0 = Release|Any CPU
		{8A834CD3-EF4C-408A-BE27-50A89C28FA95}.AppStore|x64.ActiveCfg = Release|Any CPU
		{8A834CD3-EF4C-408A-BE27-50A89C28FA95}.AppStore|x64.Build.0 = Release|Any CPU
		{8A834CD3-EF4C-408A-BE27-50A89C28FA95}.AppStore|x86.ActiveCfg = Release|Any CPU
		{8A834CD3-EF4C-408A-BE27-50A89C28FA95}.AppStore|x86.Build.0 = Release|Any CPU
		{8A834CD3-EF4C-408A-BE27-50A89C28FA95}.Debug|Any CPU.ActiveCfg = Debug|Any CPU
		{8A834CD3-EF4C-408A-BE27-50A89C28FA95}.Debug|Any CPU.Build.0 = Debug|Any CPU
		{8A834CD3-EF4C-408A-BE27-50A89C28FA95}.Debug|ARM.ActiveCfg = Debug|Any CPU
		{8A834CD3-EF4C-408A-BE27-50A89C28FA95}.Debug|ARM.Build.0 = Debug|Any CPU
		{8A834CD3-EF4C-408A-BE27-50A89C28FA95}.Debug|iPhone.ActiveCfg = Debug|Any CPU
		{8A834CD3-EF4C-408A-BE27-50A89C28FA95}.Debug|iPhone.Build.0 = Debug|Any CPU
		{8A834CD3-EF4C-408A-BE27-50A89C28FA95}.Debug|iPhoneSimulator.ActiveCfg = Debug|Any CPU
		{8A834CD3-EF4C-408A-BE27-50A89C28FA95}.Debug|iPhoneSimulator.Build.0 = Debug|Any CPU
		{8A834CD3-EF4C-408A-BE27-50A89C28FA95}.Debug|x64.ActiveCfg = Debug|Any CPU
		{8A834CD3-EF4C-408A-BE27-50A89C28FA95}.Debug|x64.Build.0 = Debug|Any CPU
		{8A834CD3-EF4C-408A-BE27-50A89C28FA95}.Debug|x86.ActiveCfg = Debug|Any CPU
		{8A834CD3-EF4C-408A-BE27-50A89C28FA95}.Debug|x86.Build.0 = Debug|Any CPU
		{8A834CD3-EF4C-408A-BE27-50A89C28FA95}.Release|Any CPU.ActiveCfg = Release|Any CPU
		{8A834CD3-EF4C-408A-BE27-50A89C28FA95}.Release|Any CPU.Build.0 = Release|Any CPU
		{8A834CD3-EF4C-408A-BE27-50A89C28FA95}.Release|ARM.ActiveCfg = Release|Any CPU
		{8A834CD3-EF4C-408A-BE27-50A89C28FA95}.Release|ARM.Build.0 = Release|Any CPU
		{8A834CD3-EF4C-408A-BE27-50A89C28FA95}.Release|iPhone.ActiveCfg = Release|Any CPU
		{8A834CD3-EF4C-408A-BE27-50A89C28FA95}.Release|iPhone.Build.0 = Release|Any CPU
		{8A834CD3-EF4C-408A-BE27-50A89C28FA95}.Release|iPhoneSimulator.ActiveCfg = Release|Any CPU
		{8A834CD3-EF4C-408A-BE27-50A89C28FA95}.Release|iPhoneSimulator.Build.0 = Release|Any CPU
		{8A834CD3-EF4C-408A-BE27-50A89C28FA95}.Release|x64.ActiveCfg = Release|Any CPU
		{8A834CD3-EF4C-408A-BE27-50A89C28FA95}.Release|x64.Build.0 = Release|Any CPU
		{8A834CD3-EF4C-408A-BE27-50A89C28FA95}.Release|x86.ActiveCfg = Release|Any CPU
		{8A834CD3-EF4C-408A-BE27-50A89C28FA95}.Release|x86.Build.0 = Release|Any CPU
		{DE8CD5F7-ECC4-463B-A1BA-2E163C947741}.Ad-Hoc|Any CPU.ActiveCfg = Release|Any CPU
		{DE8CD5F7-ECC4-463B-A1BA-2E163C947741}.Ad-Hoc|Any CPU.Build.0 = Release|Any CPU
		{DE8CD5F7-ECC4-463B-A1BA-2E163C947741}.Ad-Hoc|ARM.ActiveCfg = Release|Any CPU
		{DE8CD5F7-ECC4-463B-A1BA-2E163C947741}.Ad-Hoc|ARM.Build.0 = Release|Any CPU
		{DE8CD5F7-ECC4-463B-A1BA-2E163C947741}.Ad-Hoc|iPhone.ActiveCfg = Release|Any CPU
		{DE8CD5F7-ECC4-463B-A1BA-2E163C947741}.Ad-Hoc|iPhone.Build.0 = Release|Any CPU
		{DE8CD5F7-ECC4-463B-A1BA-2E163C947741}.Ad-Hoc|iPhoneSimulator.ActiveCfg = Release|Any CPU
		{DE8CD5F7-ECC4-463B-A1BA-2E163C947741}.Ad-Hoc|iPhoneSimulator.Build.0 = Release|Any CPU
		{DE8CD5F7-ECC4-463B-A1BA-2E163C947741}.Ad-Hoc|x64.ActiveCfg = Release|Any CPU
		{DE8CD5F7-ECC4-463B-A1BA-2E163C947741}.Ad-Hoc|x64.Build.0 = Release|Any CPU
		{DE8CD5F7-ECC4-463B-A1BA-2E163C947741}.Ad-Hoc|x86.ActiveCfg = Release|Any CPU
		{DE8CD5F7-ECC4-463B-A1BA-2E163C947741}.Ad-Hoc|x86.Build.0 = Release|Any CPU
		{DE8CD5F7-ECC4-463B-A1BA-2E163C947741}.AppStore|Any CPU.ActiveCfg = Release|Any CPU
		{DE8CD5F7-ECC4-463B-A1BA-2E163C947741}.AppStore|Any CPU.Build.0 = Release|Any CPU
		{DE8CD5F7-ECC4-463B-A1BA-2E163C947741}.AppStore|ARM.ActiveCfg = Release|Any CPU
		{DE8CD5F7-ECC4-463B-A1BA-2E163C947741}.AppStore|ARM.Build.0 = Release|Any CPU
		{DE8CD5F7-ECC4-463B-A1BA-2E163C947741}.AppStore|iPhone.ActiveCfg = Release|Any CPU
		{DE8CD5F7-ECC4-463B-A1BA-2E163C947741}.AppStore|iPhone.Build.0 = Release|Any CPU
		{DE8CD5F7-ECC4-463B-A1BA-2E163C947741}.AppStore|iPhoneSimulator.ActiveCfg = Release|Any CPU
		{DE8CD5F7-ECC4-463B-A1BA-2E163C947741}.AppStore|iPhoneSimulator.Build.0 = Release|Any CPU
		{DE8CD5F7-ECC4-463B-A1BA-2E163C947741}.AppStore|x64.ActiveCfg = Release|Any CPU
		{DE8CD5F7-ECC4-463B-A1BA-2E163C947741}.AppStore|x64.Build.0 = Release|Any CPU
		{DE8CD5F7-ECC4-463B-A1BA-2E163C947741}.AppStore|x86.ActiveCfg = Release|Any CPU
		{DE8CD5F7-ECC4-463B-A1BA-2E163C947741}.AppStore|x86.Build.0 = Release|Any CPU
		{DE8CD5F7-ECC4-463B-A1BA-2E163C947741}.Debug|Any CPU.ActiveCfg = Debug|Any CPU
		{DE8CD5F7-ECC4-463B-A1BA-2E163C947741}.Debug|Any CPU.Build.0 = Debug|Any CPU
		{DE8CD5F7-ECC4-463B-A1BA-2E163C947741}.Debug|ARM.ActiveCfg = Debug|Any CPU
		{DE8CD5F7-ECC4-463B-A1BA-2E163C947741}.Debug|ARM.Build.0 = Debug|Any CPU
		{DE8CD5F7-ECC4-463B-A1BA-2E163C947741}.Debug|iPhone.ActiveCfg = Debug|Any CPU
		{DE8CD5F7-ECC4-463B-A1BA-2E163C947741}.Debug|iPhone.Build.0 = Debug|Any CPU
		{DE8CD5F7-ECC4-463B-A1BA-2E163C947741}.Debug|iPhoneSimulator.ActiveCfg = Debug|Any CPU
		{DE8CD5F7-ECC4-463B-A1BA-2E163C947741}.Debug|iPhoneSimulator.Build.0 = Debug|Any CPU
		{DE8CD5F7-ECC4-463B-A1BA-2E163C947741}.Debug|x64.ActiveCfg = Debug|Any CPU
		{DE8CD5F7-ECC4-463B-A1BA-2E163C947741}.Debug|x64.Build.0 = Debug|Any CPU
		{DE8CD5F7-ECC4-463B-A1BA-2E163C947741}.Debug|x86.ActiveCfg = Debug|Any CPU
		{DE8CD5F7-ECC4-463B-A1BA-2E163C947741}.Debug|x86.Build.0 = Debug|Any CPU
		{DE8CD5F7-ECC4-463B-A1BA-2E163C947741}.Release|Any CPU.ActiveCfg = Release|Any CPU
		{DE8CD5F7-ECC4-463B-A1BA-2E163C947741}.Release|Any CPU.Build.0 = Release|Any CPU
		{DE8CD5F7-ECC4-463B-A1BA-2E163C947741}.Release|ARM.ActiveCfg = Release|Any CPU
		{DE8CD5F7-ECC4-463B-A1BA-2E163C947741}.Release|ARM.Build.0 = Release|Any CPU
		{DE8CD5F7-ECC4-463B-A1BA-2E163C947741}.Release|iPhone.ActiveCfg = Release|Any CPU
		{DE8CD5F7-ECC4-463B-A1BA-2E163C947741}.Release|iPhone.Build.0 = Release|Any CPU
		{DE8CD5F7-ECC4-463B-A1BA-2E163C947741}.Release|iPhoneSimulator.ActiveCfg = Release|Any CPU
		{DE8CD5F7-ECC4-463B-A1BA-2E163C947741}.Release|iPhoneSimulator.Build.0 = Release|Any CPU
		{DE8CD5F7-ECC4-463B-A1BA-2E163C947741}.Release|x64.ActiveCfg = Release|Any CPU
		{DE8CD5F7-ECC4-463B-A1BA-2E163C947741}.Release|x64.Build.0 = Release|Any CPU
		{DE8CD5F7-ECC4-463B-A1BA-2E163C947741}.Release|x86.ActiveCfg = Release|Any CPU
		{DE8CD5F7-ECC4-463B-A1BA-2E163C947741}.Release|x86.Build.0 = Release|Any CPU
		{D4395415-E7F3-46AD-9A9F-D81111F271AA}.Ad-Hoc|Any CPU.ActiveCfg = Release|Any CPU
		{D4395415-E7F3-46AD-9A9F-D81111F271AA}.Ad-Hoc|Any CPU.Build.0 = Release|Any CPU
		{D4395415-E7F3-46AD-9A9F-D81111F271AA}.Ad-Hoc|Any CPU.Deploy.0 = Release|Any CPU
		{D4395415-E7F3-46AD-9A9F-D81111F271AA}.Ad-Hoc|ARM.ActiveCfg = Release|Any CPU
		{D4395415-E7F3-46AD-9A9F-D81111F271AA}.Ad-Hoc|ARM.Build.0 = Release|Any CPU
		{D4395415-E7F3-46AD-9A9F-D81111F271AA}.Ad-Hoc|ARM.Deploy.0 = Release|Any CPU
		{D4395415-E7F3-46AD-9A9F-D81111F271AA}.Ad-Hoc|iPhone.ActiveCfg = Release|Any CPU
		{D4395415-E7F3-46AD-9A9F-D81111F271AA}.Ad-Hoc|iPhone.Build.0 = Release|Any CPU
		{D4395415-E7F3-46AD-9A9F-D81111F271AA}.Ad-Hoc|iPhone.Deploy.0 = Release|Any CPU
		{D4395415-E7F3-46AD-9A9F-D81111F271AA}.Ad-Hoc|iPhoneSimulator.ActiveCfg = Release|Any CPU
		{D4395415-E7F3-46AD-9A9F-D81111F271AA}.Ad-Hoc|iPhoneSimulator.Build.0 = Release|Any CPU
		{D4395415-E7F3-46AD-9A9F-D81111F271AA}.Ad-Hoc|iPhoneSimulator.Deploy.0 = Release|Any CPU
		{D4395415-E7F3-46AD-9A9F-D81111F271AA}.Ad-Hoc|x64.ActiveCfg = Release|Any CPU
		{D4395415-E7F3-46AD-9A9F-D81111F271AA}.Ad-Hoc|x64.Build.0 = Release|Any CPU
		{D4395415-E7F3-46AD-9A9F-D81111F271AA}.Ad-Hoc|x64.Deploy.0 = Release|Any CPU
		{D4395415-E7F3-46AD-9A9F-D81111F271AA}.Ad-Hoc|x86.ActiveCfg = Release|Any CPU
		{D4395415-E7F3-46AD-9A9F-D81111F271AA}.Ad-Hoc|x86.Build.0 = Release|Any CPU
		{D4395415-E7F3-46AD-9A9F-D81111F271AA}.Ad-Hoc|x86.Deploy.0 = Release|Any CPU
		{D4395415-E7F3-46AD-9A9F-D81111F271AA}.AppStore|Any CPU.ActiveCfg = Release|Any CPU
		{D4395415-E7F3-46AD-9A9F-D81111F271AA}.AppStore|Any CPU.Build.0 = Release|Any CPU
		{D4395415-E7F3-46AD-9A9F-D81111F271AA}.AppStore|Any CPU.Deploy.0 = Release|Any CPU
		{D4395415-E7F3-46AD-9A9F-D81111F271AA}.AppStore|ARM.ActiveCfg = Release|Any CPU
		{D4395415-E7F3-46AD-9A9F-D81111F271AA}.AppStore|ARM.Build.0 = Release|Any CPU
		{D4395415-E7F3-46AD-9A9F-D81111F271AA}.AppStore|ARM.Deploy.0 = Release|Any CPU
		{D4395415-E7F3-46AD-9A9F-D81111F271AA}.AppStore|iPhone.ActiveCfg = Release|Any CPU
		{D4395415-E7F3-46AD-9A9F-D81111F271AA}.AppStore|iPhone.Build.0 = Release|Any CPU
		{D4395415-E7F3-46AD-9A9F-D81111F271AA}.AppStore|iPhone.Deploy.0 = Release|Any CPU
		{D4395415-E7F3-46AD-9A9F-D81111F271AA}.AppStore|iPhoneSimulator.ActiveCfg = Release|Any CPU
		{D4395415-E7F3-46AD-9A9F-D81111F271AA}.AppStore|iPhoneSimulator.Build.0 = Release|Any CPU
		{D4395415-E7F3-46AD-9A9F-D81111F271AA}.AppStore|iPhoneSimulator.Deploy.0 = Release|Any CPU
		{D4395415-E7F3-46AD-9A9F-D81111F271AA}.AppStore|x64.ActiveCfg = Release|Any CPU
		{D4395415-E7F3-46AD-9A9F-D81111F271AA}.AppStore|x64.Build.0 = Release|Any CPU
		{D4395415-E7F3-46AD-9A9F-D81111F271AA}.AppStore|x64.Deploy.0 = Release|Any CPU
		{D4395415-E7F3-46AD-9A9F-D81111F271AA}.AppStore|x86.ActiveCfg = Release|Any CPU
		{D4395415-E7F3-46AD-9A9F-D81111F271AA}.AppStore|x86.Build.0 = Release|Any CPU
		{D4395415-E7F3-46AD-9A9F-D81111F271AA}.AppStore|x86.Deploy.0 = Release|Any CPU
		{D4395415-E7F3-46AD-9A9F-D81111F271AA}.Debug|Any CPU.ActiveCfg = Debug|Any CPU
		{D4395415-E7F3-46AD-9A9F-D81111F271AA}.Debug|Any CPU.Build.0 = Debug|Any CPU
		{D4395415-E7F3-46AD-9A9F-D81111F271AA}.Debug|Any CPU.Deploy.0 = Debug|Any CPU
		{D4395415-E7F3-46AD-9A9F-D81111F271AA}.Debug|ARM.ActiveCfg = Debug|Any CPU
		{D4395415-E7F3-46AD-9A9F-D81111F271AA}.Debug|ARM.Build.0 = Debug|Any CPU
		{D4395415-E7F3-46AD-9A9F-D81111F271AA}.Debug|ARM.Deploy.0 = Debug|Any CPU
		{D4395415-E7F3-46AD-9A9F-D81111F271AA}.Debug|iPhone.ActiveCfg = Debug|Any CPU
		{D4395415-E7F3-46AD-9A9F-D81111F271AA}.Debug|iPhone.Build.0 = Debug|Any CPU
		{D4395415-E7F3-46AD-9A9F-D81111F271AA}.Debug|iPhone.Deploy.0 = Debug|Any CPU
		{D4395415-E7F3-46AD-9A9F-D81111F271AA}.Debug|iPhoneSimulator.ActiveCfg = Debug|Any CPU
		{D4395415-E7F3-46AD-9A9F-D81111F271AA}.Debug|iPhoneSimulator.Build.0 = Debug|Any CPU
		{D4395415-E7F3-46AD-9A9F-D81111F271AA}.Debug|iPhoneSimulator.Deploy.0 = Debug|Any CPU
		{D4395415-E7F3-46AD-9A9F-D81111F271AA}.Debug|x64.ActiveCfg = Debug|Any CPU
		{D4395415-E7F3-46AD-9A9F-D81111F271AA}.Debug|x64.Build.0 = Debug|Any CPU
		{D4395415-E7F3-46AD-9A9F-D81111F271AA}.Debug|x64.Deploy.0 = Debug|Any CPU
		{D4395415-E7F3-46AD-9A9F-D81111F271AA}.Debug|x86.ActiveCfg = Debug|Any CPU
		{D4395415-E7F3-46AD-9A9F-D81111F271AA}.Debug|x86.Build.0 = Debug|Any CPU
		{D4395415-E7F3-46AD-9A9F-D81111F271AA}.Debug|x86.Deploy.0 = Debug|Any CPU
		{D4395415-E7F3-46AD-9A9F-D81111F271AA}.Release|Any CPU.ActiveCfg = Release|Any CPU
		{D4395415-E7F3-46AD-9A9F-D81111F271AA}.Release|Any CPU.Build.0 = Release|Any CPU
		{D4395415-E7F3-46AD-9A9F-D81111F271AA}.Release|Any CPU.Deploy.0 = Release|Any CPU
		{D4395415-E7F3-46AD-9A9F-D81111F271AA}.Release|ARM.ActiveCfg = Release|Any CPU
		{D4395415-E7F3-46AD-9A9F-D81111F271AA}.Release|ARM.Build.0 = Release|Any CPU
		{D4395415-E7F3-46AD-9A9F-D81111F271AA}.Release|ARM.Deploy.0 = Release|Any CPU
		{D4395415-E7F3-46AD-9A9F-D81111F271AA}.Release|iPhone.ActiveCfg = Release|Any CPU
		{D4395415-E7F3-46AD-9A9F-D81111F271AA}.Release|iPhone.Build.0 = Release|Any CPU
		{D4395415-E7F3-46AD-9A9F-D81111F271AA}.Release|iPhone.Deploy.0 = Release|Any CPU
		{D4395415-E7F3-46AD-9A9F-D81111F271AA}.Release|iPhoneSimulator.ActiveCfg = Release|Any CPU
		{D4395415-E7F3-46AD-9A9F-D81111F271AA}.Release|iPhoneSimulator.Build.0 = Release|Any CPU
		{D4395415-E7F3-46AD-9A9F-D81111F271AA}.Release|iPhoneSimulator.Deploy.0 = Release|Any CPU
		{D4395415-E7F3-46AD-9A9F-D81111F271AA}.Release|x64.ActiveCfg = Release|Any CPU
		{D4395415-E7F3-46AD-9A9F-D81111F271AA}.Release|x64.Build.0 = Release|Any CPU
		{D4395415-E7F3-46AD-9A9F-D81111F271AA}.Release|x64.Deploy.0 = Release|Any CPU
		{D4395415-E7F3-46AD-9A9F-D81111F271AA}.Release|x86.ActiveCfg = Release|Any CPU
		{D4395415-E7F3-46AD-9A9F-D81111F271AA}.Release|x86.Build.0 = Release|Any CPU
		{D4395415-E7F3-46AD-9A9F-D81111F271AA}.Release|x86.Deploy.0 = Release|Any CPU
		{69FF56ED-7339-4B82-8BEE-C2DEEC0F715E}.Ad-Hoc|Any CPU.ActiveCfg = Ad-Hoc|iPhone
		{69FF56ED-7339-4B82-8BEE-C2DEEC0F715E}.Ad-Hoc|ARM.ActiveCfg = Ad-Hoc|iPhone
		{69FF56ED-7339-4B82-8BEE-C2DEEC0F715E}.Ad-Hoc|iPhone.ActiveCfg = Ad-Hoc|iPhone
		{69FF56ED-7339-4B82-8BEE-C2DEEC0F715E}.Ad-Hoc|iPhone.Build.0 = Ad-Hoc|iPhone
		{69FF56ED-7339-4B82-8BEE-C2DEEC0F715E}.Ad-Hoc|iPhoneSimulator.ActiveCfg = Ad-Hoc|iPhoneSimulator
		{69FF56ED-7339-4B82-8BEE-C2DEEC0F715E}.Ad-Hoc|iPhoneSimulator.Build.0 = Ad-Hoc|iPhoneSimulator
		{69FF56ED-7339-4B82-8BEE-C2DEEC0F715E}.Ad-Hoc|x64.ActiveCfg = Ad-Hoc|iPhone
		{69FF56ED-7339-4B82-8BEE-C2DEEC0F715E}.Ad-Hoc|x86.ActiveCfg = Ad-Hoc|iPhone
		{69FF56ED-7339-4B82-8BEE-C2DEEC0F715E}.AppStore|Any CPU.ActiveCfg = AppStore|iPhone
		{69FF56ED-7339-4B82-8BEE-C2DEEC0F715E}.AppStore|ARM.ActiveCfg = AppStore|iPhone
		{69FF56ED-7339-4B82-8BEE-C2DEEC0F715E}.AppStore|iPhone.ActiveCfg = AppStore|iPhone
		{69FF56ED-7339-4B82-8BEE-C2DEEC0F715E}.AppStore|iPhone.Build.0 = AppStore|iPhone
		{69FF56ED-7339-4B82-8BEE-C2DEEC0F715E}.AppStore|iPhoneSimulator.ActiveCfg = AppStore|iPhoneSimulator
		{69FF56ED-7339-4B82-8BEE-C2DEEC0F715E}.AppStore|iPhoneSimulator.Build.0 = AppStore|iPhoneSimulator
		{69FF56ED-7339-4B82-8BEE-C2DEEC0F715E}.AppStore|x64.ActiveCfg = AppStore|iPhone
		{69FF56ED-7339-4B82-8BEE-C2DEEC0F715E}.AppStore|x86.ActiveCfg = AppStore|iPhone
		{69FF56ED-7339-4B82-8BEE-C2DEEC0F715E}.Debug|Any CPU.ActiveCfg = Debug|iPhone
		{69FF56ED-7339-4B82-8BEE-C2DEEC0F715E}.Debug|ARM.ActiveCfg = Debug|iPhone
		{69FF56ED-7339-4B82-8BEE-C2DEEC0F715E}.Debug|iPhone.ActiveCfg = Debug|iPhone
		{69FF56ED-7339-4B82-8BEE-C2DEEC0F715E}.Debug|iPhone.Build.0 = Debug|iPhone
		{69FF56ED-7339-4B82-8BEE-C2DEEC0F715E}.Debug|iPhoneSimulator.ActiveCfg = Debug|iPhoneSimulator
		{69FF56ED-7339-4B82-8BEE-C2DEEC0F715E}.Debug|iPhoneSimulator.Build.0 = Debug|iPhoneSimulator
		{69FF56ED-7339-4B82-8BEE-C2DEEC0F715E}.Debug|x64.ActiveCfg = Debug|iPhone
		{69FF56ED-7339-4B82-8BEE-C2DEEC0F715E}.Debug|x86.ActiveCfg = Debug|iPhone
		{69FF56ED-7339-4B82-8BEE-C2DEEC0F715E}.Release|Any CPU.ActiveCfg = Release|iPhone
		{69FF56ED-7339-4B82-8BEE-C2DEEC0F715E}.Release|ARM.ActiveCfg = Release|iPhone
		{69FF56ED-7339-4B82-8BEE-C2DEEC0F715E}.Release|iPhone.ActiveCfg = Release|iPhone
		{69FF56ED-7339-4B82-8BEE-C2DEEC0F715E}.Release|iPhone.Build.0 = Release|iPhone
		{69FF56ED-7339-4B82-8BEE-C2DEEC0F715E}.Release|iPhoneSimulator.ActiveCfg = Release|iPhoneSimulator
		{69FF56ED-7339-4B82-8BEE-C2DEEC0F715E}.Release|iPhoneSimulator.Build.0 = Release|iPhoneSimulator
		{69FF56ED-7339-4B82-8BEE-C2DEEC0F715E}.Release|x64.ActiveCfg = Release|iPhone
		{69FF56ED-7339-4B82-8BEE-C2DEEC0F715E}.Release|x86.ActiveCfg = Release|iPhone
		{30856991-365E-4B95-B441-D288400BA35D}.Ad-Hoc|Any CPU.ActiveCfg = Release|Any CPU
		{30856991-365E-4B95-B441-D288400BA35D}.Ad-Hoc|Any CPU.Build.0 = Release|Any CPU
		{30856991-365E-4B95-B441-D288400BA35D}.Ad-Hoc|Any CPU.Deploy.0 = Release|Any CPU
		{30856991-365E-4B95-B441-D288400BA35D}.Ad-Hoc|ARM.ActiveCfg = Release|ARM
		{30856991-365E-4B95-B441-D288400BA35D}.Ad-Hoc|ARM.Build.0 = Release|ARM
		{30856991-365E-4B95-B441-D288400BA35D}.Ad-Hoc|ARM.Deploy.0 = Release|ARM
		{30856991-365E-4B95-B441-D288400BA35D}.Ad-Hoc|iPhone.ActiveCfg = Release|Any CPU
		{30856991-365E-4B95-B441-D288400BA35D}.Ad-Hoc|iPhone.Build.0 = Release|Any CPU
		{30856991-365E-4B95-B441-D288400BA35D}.Ad-Hoc|iPhone.Deploy.0 = Release|Any CPU
		{30856991-365E-4B95-B441-D288400BA35D}.Ad-Hoc|iPhoneSimulator.ActiveCfg = Release|Any CPU
		{30856991-365E-4B95-B441-D288400BA35D}.Ad-Hoc|iPhoneSimulator.Build.0 = Release|Any CPU
		{30856991-365E-4B95-B441-D288400BA35D}.Ad-Hoc|iPhoneSimulator.Deploy.0 = Release|Any CPU
		{30856991-365E-4B95-B441-D288400BA35D}.Ad-Hoc|x64.ActiveCfg = Release|Any CPU
		{30856991-365E-4B95-B441-D288400BA35D}.Ad-Hoc|x64.Build.0 = Release|Any CPU
		{30856991-365E-4B95-B441-D288400BA35D}.Ad-Hoc|x64.Deploy.0 = Release|Any CPU
		{30856991-365E-4B95-B441-D288400BA35D}.Ad-Hoc|x86.ActiveCfg = Release|x86
		{30856991-365E-4B95-B441-D288400BA35D}.Ad-Hoc|x86.Build.0 = Release|x86
		{30856991-365E-4B95-B441-D288400BA35D}.Ad-Hoc|x86.Deploy.0 = Release|x86
		{30856991-365E-4B95-B441-D288400BA35D}.AppStore|Any CPU.ActiveCfg = Release|Any CPU
		{30856991-365E-4B95-B441-D288400BA35D}.AppStore|Any CPU.Build.0 = Release|Any CPU
		{30856991-365E-4B95-B441-D288400BA35D}.AppStore|Any CPU.Deploy.0 = Release|Any CPU
		{30856991-365E-4B95-B441-D288400BA35D}.AppStore|ARM.ActiveCfg = Release|ARM
		{30856991-365E-4B95-B441-D288400BA35D}.AppStore|ARM.Build.0 = Release|ARM
		{30856991-365E-4B95-B441-D288400BA35D}.AppStore|ARM.Deploy.0 = Release|ARM
		{30856991-365E-4B95-B441-D288400BA35D}.AppStore|iPhone.ActiveCfg = Release|Any CPU
		{30856991-365E-4B95-B441-D288400BA35D}.AppStore|iPhone.Build.0 = Release|Any CPU
		{30856991-365E-4B95-B441-D288400BA35D}.AppStore|iPhone.Deploy.0 = Release|Any CPU
		{30856991-365E-4B95-B441-D288400BA35D}.AppStore|iPhoneSimulator.ActiveCfg = Release|Any CPU
		{30856991-365E-4B95-B441-D288400BA35D}.AppStore|iPhoneSimulator.Build.0 = Release|Any CPU
		{30856991-365E-4B95-B441-D288400BA35D}.AppStore|iPhoneSimulator.Deploy.0 = Release|Any CPU
		{30856991-365E-4B95-B441-D288400BA35D}.AppStore|x64.ActiveCfg = Release|Any CPU
		{30856991-365E-4B95-B441-D288400BA35D}.AppStore|x64.Build.0 = Release|Any CPU
		{30856991-365E-4B95-B441-D288400BA35D}.AppStore|x64.Deploy.0 = Release|Any CPU
		{30856991-365E-4B95-B441-D288400BA35D}.AppStore|x86.ActiveCfg = Release|x86
		{30856991-365E-4B95-B441-D288400BA35D}.AppStore|x86.Build.0 = Release|x86
		{30856991-365E-4B95-B441-D288400BA35D}.AppStore|x86.Deploy.0 = Release|x86
		{30856991-365E-4B95-B441-D288400BA35D}.Debug|Any CPU.ActiveCfg = Debug|Any CPU
		{30856991-365E-4B95-B441-D288400BA35D}.Debug|Any CPU.Build.0 = Debug|Any CPU
		{30856991-365E-4B95-B441-D288400BA35D}.Debug|Any CPU.Deploy.0 = Debug|Any CPU
		{30856991-365E-4B95-B441-D288400BA35D}.Debug|ARM.ActiveCfg = Debug|ARM
		{30856991-365E-4B95-B441-D288400BA35D}.Debug|ARM.Build.0 = Debug|ARM
		{30856991-365E-4B95-B441-D288400BA35D}.Debug|ARM.Deploy.0 = Debug|ARM
		{30856991-365E-4B95-B441-D288400BA35D}.Debug|iPhone.ActiveCfg = Debug|Any CPU
		{30856991-365E-4B95-B441-D288400BA35D}.Debug|iPhone.Build.0 = Debug|Any CPU
		{30856991-365E-4B95-B441-D288400BA35D}.Debug|iPhone.Deploy.0 = Debug|Any CPU
		{30856991-365E-4B95-B441-D288400BA35D}.Debug|iPhoneSimulator.ActiveCfg = Debug|Any CPU
		{30856991-365E-4B95-B441-D288400BA35D}.Debug|iPhoneSimulator.Build.0 = Debug|Any CPU
		{30856991-365E-4B95-B441-D288400BA35D}.Debug|iPhoneSimulator.Deploy.0 = Debug|Any CPU
		{30856991-365E-4B95-B441-D288400BA35D}.Debug|x64.ActiveCfg = Debug|Any CPU
		{30856991-365E-4B95-B441-D288400BA35D}.Debug|x64.Build.0 = Debug|Any CPU
		{30856991-365E-4B95-B441-D288400BA35D}.Debug|x64.Deploy.0 = Debug|Any CPU
		{30856991-365E-4B95-B441-D288400BA35D}.Debug|x86.ActiveCfg = Debug|x86
		{30856991-365E-4B95-B441-D288400BA35D}.Debug|x86.Build.0 = Debug|x86
		{30856991-365E-4B95-B441-D288400BA35D}.Debug|x86.Deploy.0 = Debug|x86
		{30856991-365E-4B95-B441-D288400BA35D}.Release|Any CPU.ActiveCfg = Release|Any CPU
		{30856991-365E-4B95-B441-D288400BA35D}.Release|Any CPU.Build.0 = Release|Any CPU
		{30856991-365E-4B95-B441-D288400BA35D}.Release|Any CPU.Deploy.0 = Release|Any CPU
		{30856991-365E-4B95-B441-D288400BA35D}.Release|ARM.ActiveCfg = Release|ARM
		{30856991-365E-4B95-B441-D288400BA35D}.Release|ARM.Build.0 = Release|ARM
		{30856991-365E-4B95-B441-D288400BA35D}.Release|ARM.Deploy.0 = Release|ARM
		{30856991-365E-4B95-B441-D288400BA35D}.Release|iPhone.ActiveCfg = Release|Any CPU
		{30856991-365E-4B95-B441-D288400BA35D}.Release|iPhone.Build.0 = Release|Any CPU
		{30856991-365E-4B95-B441-D288400BA35D}.Release|iPhone.Deploy.0 = Release|Any CPU
		{30856991-365E-4B95-B441-D288400BA35D}.Release|iPhoneSimulator.ActiveCfg = Release|Any CPU
		{30856991-365E-4B95-B441-D288400BA35D}.Release|iPhoneSimulator.Build.0 = Release|Any CPU
		{30856991-365E-4B95-B441-D288400BA35D}.Release|iPhoneSimulator.Deploy.0 = Release|Any CPU
		{30856991-365E-4B95-B441-D288400BA35D}.Release|x64.ActiveCfg = Release|Any CPU
		{30856991-365E-4B95-B441-D288400BA35D}.Release|x64.Build.0 = Release|Any CPU
		{30856991-365E-4B95-B441-D288400BA35D}.Release|x64.Deploy.0 = Release|Any CPU
		{30856991-365E-4B95-B441-D288400BA35D}.Release|x86.ActiveCfg = Release|x86
		{30856991-365E-4B95-B441-D288400BA35D}.Release|x86.Build.0 = Release|x86
		{30856991-365E-4B95-B441-D288400BA35D}.Release|x86.Deploy.0 = Release|x86
		{D909B9C4-1D46-4ABF-8627-E7438CC80796}.Ad-Hoc|Any CPU.ActiveCfg = Release|x86
		{D909B9C4-1D46-4ABF-8627-E7438CC80796}.Ad-Hoc|Any CPU.Build.0 = Release|x86
		{D909B9C4-1D46-4ABF-8627-E7438CC80796}.Ad-Hoc|Any CPU.Deploy.0 = Release|x86
		{D909B9C4-1D46-4ABF-8627-E7438CC80796}.Ad-Hoc|ARM.ActiveCfg = Release|ARM
		{D909B9C4-1D46-4ABF-8627-E7438CC80796}.Ad-Hoc|ARM.Build.0 = Release|ARM
		{D909B9C4-1D46-4ABF-8627-E7438CC80796}.Ad-Hoc|ARM.Deploy.0 = Release|ARM
		{D909B9C4-1D46-4ABF-8627-E7438CC80796}.Ad-Hoc|iPhone.ActiveCfg = Release|x86
		{D909B9C4-1D46-4ABF-8627-E7438CC80796}.Ad-Hoc|iPhone.Build.0 = Release|x86
		{D909B9C4-1D46-4ABF-8627-E7438CC80796}.Ad-Hoc|iPhone.Deploy.0 = Release|x86
		{D909B9C4-1D46-4ABF-8627-E7438CC80796}.Ad-Hoc|iPhoneSimulator.ActiveCfg = Release|x86
		{D909B9C4-1D46-4ABF-8627-E7438CC80796}.Ad-Hoc|iPhoneSimulator.Build.0 = Release|x86
		{D909B9C4-1D46-4ABF-8627-E7438CC80796}.Ad-Hoc|iPhoneSimulator.Deploy.0 = Release|x86
		{D909B9C4-1D46-4ABF-8627-E7438CC80796}.Ad-Hoc|x64.ActiveCfg = Release|x64
		{D909B9C4-1D46-4ABF-8627-E7438CC80796}.Ad-Hoc|x64.Build.0 = Release|x64
		{D909B9C4-1D46-4ABF-8627-E7438CC80796}.Ad-Hoc|x64.Deploy.0 = Release|x64
		{D909B9C4-1D46-4ABF-8627-E7438CC80796}.Ad-Hoc|x86.ActiveCfg = Release|x86
		{D909B9C4-1D46-4ABF-8627-E7438CC80796}.Ad-Hoc|x86.Build.0 = Release|x86
		{D909B9C4-1D46-4ABF-8627-E7438CC80796}.Ad-Hoc|x86.Deploy.0 = Release|x86
		{D909B9C4-1D46-4ABF-8627-E7438CC80796}.AppStore|Any CPU.ActiveCfg = Release|x86
		{D909B9C4-1D46-4ABF-8627-E7438CC80796}.AppStore|Any CPU.Build.0 = Release|x86
		{D909B9C4-1D46-4ABF-8627-E7438CC80796}.AppStore|Any CPU.Deploy.0 = Release|x86
		{D909B9C4-1D46-4ABF-8627-E7438CC80796}.AppStore|ARM.ActiveCfg = Release|ARM
		{D909B9C4-1D46-4ABF-8627-E7438CC80796}.AppStore|ARM.Build.0 = Release|ARM
		{D909B9C4-1D46-4ABF-8627-E7438CC80796}.AppStore|ARM.Deploy.0 = Release|ARM
		{D909B9C4-1D46-4ABF-8627-E7438CC80796}.AppStore|iPhone.ActiveCfg = Release|x86
		{D909B9C4-1D46-4ABF-8627-E7438CC80796}.AppStore|iPhone.Build.0 = Release|x86
		{D909B9C4-1D46-4ABF-8627-E7438CC80796}.AppStore|iPhone.Deploy.0 = Release|x86
		{D909B9C4-1D46-4ABF-8627-E7438CC80796}.AppStore|iPhoneSimulator.ActiveCfg = Release|x86
		{D909B9C4-1D46-4ABF-8627-E7438CC80796}.AppStore|iPhoneSimulator.Build.0 = Release|x86
		{D909B9C4-1D46-4ABF-8627-E7438CC80796}.AppStore|iPhoneSimulator.Deploy.0 = Release|x86
		{D909B9C4-1D46-4ABF-8627-E7438CC80796}.AppStore|x64.ActiveCfg = Release|x64
		{D909B9C4-1D46-4ABF-8627-E7438CC80796}.AppStore|x64.Build.0 = Release|x64
		{D909B9C4-1D46-4ABF-8627-E7438CC80796}.AppStore|x64.Deploy.0 = Release|x64
		{D909B9C4-1D46-4ABF-8627-E7438CC80796}.AppStore|x86.ActiveCfg = Release|x86
		{D909B9C4-1D46-4ABF-8627-E7438CC80796}.AppStore|x86.Build.0 = Release|x86
		{D909B9C4-1D46-4ABF-8627-E7438CC80796}.AppStore|x86.Deploy.0 = Release|x86
		{D909B9C4-1D46-4ABF-8627-E7438CC80796}.Debug|Any CPU.ActiveCfg = Debug|x86
		{D909B9C4-1D46-4ABF-8627-E7438CC80796}.Debug|ARM.ActiveCfg = Debug|ARM
		{D909B9C4-1D46-4ABF-8627-E7438CC80796}.Debug|ARM.Build.0 = Debug|ARM
		{D909B9C4-1D46-4ABF-8627-E7438CC80796}.Debug|ARM.Deploy.0 = Debug|ARM
		{D909B9C4-1D46-4ABF-8627-E7438CC80796}.Debug|iPhone.ActiveCfg = Debug|x86
		{D909B9C4-1D46-4ABF-8627-E7438CC80796}.Debug|iPhoneSimulator.ActiveCfg = Debug|x86
		{D909B9C4-1D46-4ABF-8627-E7438CC80796}.Debug|x64.ActiveCfg = Debug|x64
		{D909B9C4-1D46-4ABF-8627-E7438CC80796}.Debug|x64.Build.0 = Debug|x64
		{D909B9C4-1D46-4ABF-8627-E7438CC80796}.Debug|x64.Deploy.0 = Debug|x64
		{D909B9C4-1D46-4ABF-8627-E7438CC80796}.Debug|x86.ActiveCfg = Debug|x86
		{D909B9C4-1D46-4ABF-8627-E7438CC80796}.Debug|x86.Build.0 = Debug|x86
		{D909B9C4-1D46-4ABF-8627-E7438CC80796}.Debug|x86.Deploy.0 = Debug|x86
		{D909B9C4-1D46-4ABF-8627-E7438CC80796}.Release|Any CPU.ActiveCfg = Release|x86
		{D909B9C4-1D46-4ABF-8627-E7438CC80796}.Release|ARM.ActiveCfg = Release|ARM
		{D909B9C4-1D46-4ABF-8627-E7438CC80796}.Release|ARM.Build.0 = Release|ARM
		{D909B9C4-1D46-4ABF-8627-E7438CC80796}.Release|ARM.Deploy.0 = Release|ARM
		{D909B9C4-1D46-4ABF-8627-E7438CC80796}.Release|iPhone.ActiveCfg = Release|x86
		{D909B9C4-1D46-4ABF-8627-E7438CC80796}.Release|iPhoneSimulator.ActiveCfg = Release|x86
		{D909B9C4-1D46-4ABF-8627-E7438CC80796}.Release|x64.ActiveCfg = Release|x64
		{D909B9C4-1D46-4ABF-8627-E7438CC80796}.Release|x64.Build.0 = Release|x64
		{D909B9C4-1D46-4ABF-8627-E7438CC80796}.Release|x64.Deploy.0 = Release|x64
		{D909B9C4-1D46-4ABF-8627-E7438CC80796}.Release|x86.ActiveCfg = Release|x86
		{D909B9C4-1D46-4ABF-8627-E7438CC80796}.Release|x86.Build.0 = Release|x86
		{D909B9C4-1D46-4ABF-8627-E7438CC80796}.Release|x86.Deploy.0 = Release|x86
		{3CCAC993-4EDA-401C-A858-16141E7A02E2}.Ad-Hoc|Any CPU.ActiveCfg = Release|Any CPU
		{3CCAC993-4EDA-401C-A858-16141E7A02E2}.Ad-Hoc|Any CPU.Build.0 = Release|Any CPU
		{3CCAC993-4EDA-401C-A858-16141E7A02E2}.Ad-Hoc|Any CPU.Deploy.0 = Release|Any CPU
		{3CCAC993-4EDA-401C-A858-16141E7A02E2}.Ad-Hoc|ARM.ActiveCfg = Release|ARM
		{3CCAC993-4EDA-401C-A858-16141E7A02E2}.Ad-Hoc|ARM.Build.0 = Release|ARM
		{3CCAC993-4EDA-401C-A858-16141E7A02E2}.Ad-Hoc|ARM.Deploy.0 = Release|ARM
		{3CCAC993-4EDA-401C-A858-16141E7A02E2}.Ad-Hoc|iPhone.ActiveCfg = Release|Any CPU
		{3CCAC993-4EDA-401C-A858-16141E7A02E2}.Ad-Hoc|iPhone.Build.0 = Release|Any CPU
		{3CCAC993-4EDA-401C-A858-16141E7A02E2}.Ad-Hoc|iPhone.Deploy.0 = Release|Any CPU
		{3CCAC993-4EDA-401C-A858-16141E7A02E2}.Ad-Hoc|iPhoneSimulator.ActiveCfg = Release|Any CPU
		{3CCAC993-4EDA-401C-A858-16141E7A02E2}.Ad-Hoc|iPhoneSimulator.Build.0 = Release|Any CPU
		{3CCAC993-4EDA-401C-A858-16141E7A02E2}.Ad-Hoc|iPhoneSimulator.Deploy.0 = Release|Any CPU
		{3CCAC993-4EDA-401C-A858-16141E7A02E2}.Ad-Hoc|x64.ActiveCfg = Release|x64
		{3CCAC993-4EDA-401C-A858-16141E7A02E2}.Ad-Hoc|x64.Build.0 = Release|x64
		{3CCAC993-4EDA-401C-A858-16141E7A02E2}.Ad-Hoc|x64.Deploy.0 = Release|x64
		{3CCAC993-4EDA-401C-A858-16141E7A02E2}.Ad-Hoc|x86.ActiveCfg = Release|x86
		{3CCAC993-4EDA-401C-A858-16141E7A02E2}.Ad-Hoc|x86.Build.0 = Release|x86
		{3CCAC993-4EDA-401C-A858-16141E7A02E2}.Ad-Hoc|x86.Deploy.0 = Release|x86
		{3CCAC993-4EDA-401C-A858-16141E7A02E2}.AppStore|Any CPU.ActiveCfg = Release|Any CPU
		{3CCAC993-4EDA-401C-A858-16141E7A02E2}.AppStore|Any CPU.Build.0 = Release|Any CPU
		{3CCAC993-4EDA-401C-A858-16141E7A02E2}.AppStore|Any CPU.Deploy.0 = Release|Any CPU
		{3CCAC993-4EDA-401C-A858-16141E7A02E2}.AppStore|ARM.ActiveCfg = Release|ARM
		{3CCAC993-4EDA-401C-A858-16141E7A02E2}.AppStore|ARM.Build.0 = Release|ARM
		{3CCAC993-4EDA-401C-A858-16141E7A02E2}.AppStore|ARM.Deploy.0 = Release|ARM
		{3CCAC993-4EDA-401C-A858-16141E7A02E2}.AppStore|iPhone.ActiveCfg = Release|Any CPU
		{3CCAC993-4EDA-401C-A858-16141E7A02E2}.AppStore|iPhone.Build.0 = Release|Any CPU
		{3CCAC993-4EDA-401C-A858-16141E7A02E2}.AppStore|iPhone.Deploy.0 = Release|Any CPU
		{3CCAC993-4EDA-401C-A858-16141E7A02E2}.AppStore|iPhoneSimulator.ActiveCfg = Release|Any CPU
		{3CCAC993-4EDA-401C-A858-16141E7A02E2}.AppStore|iPhoneSimulator.Build.0 = Release|Any CPU
		{3CCAC993-4EDA-401C-A858-16141E7A02E2}.AppStore|iPhoneSimulator.Deploy.0 = Release|Any CPU
		{3CCAC993-4EDA-401C-A858-16141E7A02E2}.AppStore|x64.ActiveCfg = Release|x64
		{3CCAC993-4EDA-401C-A858-16141E7A02E2}.AppStore|x64.Build.0 = Release|x64
		{3CCAC993-4EDA-401C-A858-16141E7A02E2}.AppStore|x64.Deploy.0 = Release|x64
		{3CCAC993-4EDA-401C-A858-16141E7A02E2}.AppStore|x86.ActiveCfg = Release|x86
		{3CCAC993-4EDA-401C-A858-16141E7A02E2}.AppStore|x86.Build.0 = Release|x86
		{3CCAC993-4EDA-401C-A858-16141E7A02E2}.AppStore|x86.Deploy.0 = Release|x86
		{3CCAC993-4EDA-401C-A858-16141E7A02E2}.Debug|Any CPU.ActiveCfg = Debug|Any CPU
		{3CCAC993-4EDA-401C-A858-16141E7A02E2}.Debug|Any CPU.Build.0 = Debug|Any CPU
		{3CCAC993-4EDA-401C-A858-16141E7A02E2}.Debug|Any CPU.Deploy.0 = Debug|Any CPU
		{3CCAC993-4EDA-401C-A858-16141E7A02E2}.Debug|ARM.ActiveCfg = Debug|ARM
		{3CCAC993-4EDA-401C-A858-16141E7A02E2}.Debug|ARM.Build.0 = Debug|ARM
		{3CCAC993-4EDA-401C-A858-16141E7A02E2}.Debug|ARM.Deploy.0 = Debug|ARM
		{3CCAC993-4EDA-401C-A858-16141E7A02E2}.Debug|iPhone.ActiveCfg = Debug|Any CPU
		{3CCAC993-4EDA-401C-A858-16141E7A02E2}.Debug|iPhone.Build.0 = Debug|Any CPU
		{3CCAC993-4EDA-401C-A858-16141E7A02E2}.Debug|iPhone.Deploy.0 = Debug|Any CPU
		{3CCAC993-4EDA-401C-A858-16141E7A02E2}.Debug|iPhoneSimulator.ActiveCfg = Debug|Any CPU
		{3CCAC993-4EDA-401C-A858-16141E7A02E2}.Debug|iPhoneSimulator.Build.0 = Debug|Any CPU
		{3CCAC993-4EDA-401C-A858-16141E7A02E2}.Debug|iPhoneSimulator.Deploy.0 = Debug|Any CPU
		{3CCAC993-4EDA-401C-A858-16141E7A02E2}.Debug|x64.ActiveCfg = Debug|x64
		{3CCAC993-4EDA-401C-A858-16141E7A02E2}.Debug|x64.Build.0 = Debug|x64
		{3CCAC993-4EDA-401C-A858-16141E7A02E2}.Debug|x64.Deploy.0 = Debug|x64
		{3CCAC993-4EDA-401C-A858-16141E7A02E2}.Debug|x86.ActiveCfg = Debug|x86
		{3CCAC993-4EDA-401C-A858-16141E7A02E2}.Debug|x86.Build.0 = Debug|x86
		{3CCAC993-4EDA-401C-A858-16141E7A02E2}.Debug|x86.Deploy.0 = Debug|x86
		{3CCAC993-4EDA-401C-A858-16141E7A02E2}.Release|Any CPU.ActiveCfg = Release|Any CPU
		{3CCAC993-4EDA-401C-A858-16141E7A02E2}.Release|Any CPU.Build.0 = Release|Any CPU
		{3CCAC993-4EDA-401C-A858-16141E7A02E2}.Release|Any CPU.Deploy.0 = Release|Any CPU
		{3CCAC993-4EDA-401C-A858-16141E7A02E2}.Release|ARM.ActiveCfg = Release|ARM
		{3CCAC993-4EDA-401C-A858-16141E7A02E2}.Release|ARM.Build.0 = Release|ARM
		{3CCAC993-4EDA-401C-A858-16141E7A02E2}.Release|ARM.Deploy.0 = Release|ARM
		{3CCAC993-4EDA-401C-A858-16141E7A02E2}.Release|iPhone.ActiveCfg = Release|Any CPU
		{3CCAC993-4EDA-401C-A858-16141E7A02E2}.Release|iPhone.Build.0 = Release|Any CPU
		{3CCAC993-4EDA-401C-A858-16141E7A02E2}.Release|iPhone.Deploy.0 = Release|Any CPU
		{3CCAC993-4EDA-401C-A858-16141E7A02E2}.Release|iPhoneSimulator.ActiveCfg = Release|Any CPU
		{3CCAC993-4EDA-401C-A858-16141E7A02E2}.Release|iPhoneSimulator.Build.0 = Release|Any CPU
		{3CCAC993-4EDA-401C-A858-16141E7A02E2}.Release|iPhoneSimulator.Deploy.0 = Release|Any CPU
		{3CCAC993-4EDA-401C-A858-16141E7A02E2}.Release|x64.ActiveCfg = Release|x64
		{3CCAC993-4EDA-401C-A858-16141E7A02E2}.Release|x64.Build.0 = Release|x64
		{3CCAC993-4EDA-401C-A858-16141E7A02E2}.Release|x64.Deploy.0 = Release|x64
		{3CCAC993-4EDA-401C-A858-16141E7A02E2}.Release|x86.ActiveCfg = Release|x86
		{3CCAC993-4EDA-401C-A858-16141E7A02E2}.Release|x86.Build.0 = Release|x86
		{3CCAC993-4EDA-401C-A858-16141E7A02E2}.Release|x86.Deploy.0 = Release|x86
		{9603871B-DC36-4469-8814-332A0FB58704}.Ad-Hoc|Any CPU.ActiveCfg = Release|Any CPU
		{9603871B-DC36-4469-8814-332A0FB58704}.Ad-Hoc|Any CPU.Build.0 = Release|Any CPU
		{9603871B-DC36-4469-8814-332A0FB58704}.Ad-Hoc|ARM.ActiveCfg = Release|Any CPU
		{9603871B-DC36-4469-8814-332A0FB58704}.Ad-Hoc|ARM.Build.0 = Release|Any CPU
		{9603871B-DC36-4469-8814-332A0FB58704}.Ad-Hoc|iPhone.ActiveCfg = Release|Any CPU
		{9603871B-DC36-4469-8814-332A0FB58704}.Ad-Hoc|iPhone.Build.0 = Release|Any CPU
		{9603871B-DC36-4469-8814-332A0FB58704}.Ad-Hoc|iPhoneSimulator.ActiveCfg = Release|Any CPU
		{9603871B-DC36-4469-8814-332A0FB58704}.Ad-Hoc|iPhoneSimulator.Build.0 = Release|Any CPU
		{9603871B-DC36-4469-8814-332A0FB58704}.Ad-Hoc|x64.ActiveCfg = Release|Any CPU
		{9603871B-DC36-4469-8814-332A0FB58704}.Ad-Hoc|x64.Build.0 = Release|Any CPU
		{9603871B-DC36-4469-8814-332A0FB58704}.Ad-Hoc|x86.ActiveCfg = Release|Any CPU
		{9603871B-DC36-4469-8814-332A0FB58704}.Ad-Hoc|x86.Build.0 = Release|Any CPU
		{9603871B-DC36-4469-8814-332A0FB58704}.AppStore|Any CPU.ActiveCfg = Release|Any CPU
		{9603871B-DC36-4469-8814-332A0FB58704}.AppStore|Any CPU.Build.0 = Release|Any CPU
		{9603871B-DC36-4469-8814-332A0FB58704}.AppStore|ARM.ActiveCfg = Release|Any CPU
		{9603871B-DC36-4469-8814-332A0FB58704}.AppStore|ARM.Build.0 = Release|Any CPU
		{9603871B-DC36-4469-8814-332A0FB58704}.AppStore|iPhone.ActiveCfg = Release|Any CPU
		{9603871B-DC36-4469-8814-332A0FB58704}.AppStore|iPhone.Build.0 = Release|Any CPU
		{9603871B-DC36-4469-8814-332A0FB58704}.AppStore|iPhoneSimulator.ActiveCfg = Release|Any CPU
		{9603871B-DC36-4469-8814-332A0FB58704}.AppStore|iPhoneSimulator.Build.0 = Release|Any CPU
		{9603871B-DC36-4469-8814-332A0FB58704}.AppStore|x64.ActiveCfg = Release|Any CPU
		{9603871B-DC36-4469-8814-332A0FB58704}.AppStore|x64.Build.0 = Release|Any CPU
		{9603871B-DC36-4469-8814-332A0FB58704}.AppStore|x86.ActiveCfg = Release|Any CPU
		{9603871B-DC36-4469-8814-332A0FB58704}.AppStore|x86.Build.0 = Release|Any CPU
		{9603871B-DC36-4469-8814-332A0FB58704}.Debug|Any CPU.ActiveCfg = Debug|Any CPU
		{9603871B-DC36-4469-8814-332A0FB58704}.Debug|Any CPU.Build.0 = Debug|Any CPU
		{9603871B-DC36-4469-8814-332A0FB58704}.Debug|ARM.ActiveCfg = Debug|Any CPU
		{9603871B-DC36-4469-8814-332A0FB58704}.Debug|ARM.Build.0 = Debug|Any CPU
		{9603871B-DC36-4469-8814-332A0FB58704}.Debug|iPhone.ActiveCfg = Debug|Any CPU
		{9603871B-DC36-4469-8814-332A0FB58704}.Debug|iPhone.Build.0 = Debug|Any CPU
		{9603871B-DC36-4469-8814-332A0FB58704}.Debug|iPhoneSimulator.ActiveCfg = Debug|Any CPU
		{9603871B-DC36-4469-8814-332A0FB58704}.Debug|iPhoneSimulator.Build.0 = Debug|Any CPU
		{9603871B-DC36-4469-8814-332A0FB58704}.Debug|x64.ActiveCfg = Debug|Any CPU
		{9603871B-DC36-4469-8814-332A0FB58704}.Debug|x64.Build.0 = Debug|Any CPU
		{9603871B-DC36-4469-8814-332A0FB58704}.Debug|x86.ActiveCfg = Debug|Any CPU
		{9603871B-DC36-4469-8814-332A0FB58704}.Debug|x86.Build.0 = Debug|Any CPU
		{9603871B-DC36-4469-8814-332A0FB58704}.Release|Any CPU.ActiveCfg = Release|Any CPU
		{9603871B-DC36-4469-8814-332A0FB58704}.Release|Any CPU.Build.0 = Release|Any CPU
		{9603871B-DC36-4469-8814-332A0FB58704}.Release|ARM.ActiveCfg = Release|Any CPU
		{9603871B-DC36-4469-8814-332A0FB58704}.Release|ARM.Build.0 = Release|Any CPU
		{9603871B-DC36-4469-8814-332A0FB58704}.Release|iPhone.ActiveCfg = Release|Any CPU
		{9603871B-DC36-4469-8814-332A0FB58704}.Release|iPhone.Build.0 = Release|Any CPU
		{9603871B-DC36-4469-8814-332A0FB58704}.Release|iPhoneSimulator.ActiveCfg = Release|Any CPU
		{9603871B-DC36-4469-8814-332A0FB58704}.Release|iPhoneSimulator.Build.0 = Release|Any CPU
		{9603871B-DC36-4469-8814-332A0FB58704}.Release|x64.ActiveCfg = Release|Any CPU
		{9603871B-DC36-4469-8814-332A0FB58704}.Release|x64.Build.0 = Release|Any CPU
		{9603871B-DC36-4469-8814-332A0FB58704}.Release|x86.ActiveCfg = Release|Any CPU
		{9603871B-DC36-4469-8814-332A0FB58704}.Release|x86.Build.0 = Release|Any CPU
	EndGlobalSection
	GlobalSection(SolutionProperties) = preSolution
		HideSolutionNode = FALSE
	EndGlobalSection
	GlobalSection(NestedProjects) = preSolution
		{E21B077C-59AA-4006-8EAE-8CC867165AF1} = {3E31790E-D9CC-4E4C-B3EF-38D243A72C3E}
		{B9953EA3-6CE8-4CB4-960F-35DE826B2353} = {3E31790E-D9CC-4E4C-B3EF-38D243A72C3E}
		{6427881E-A75E-4FBC-8117-27D76EFBD0E9} = {3E31790E-D9CC-4E4C-B3EF-38D243A72C3E}
		{888507C8-6716-47FD-B639-B58BCD041CF5} = {3E31790E-D9CC-4E4C-B3EF-38D243A72C3E}
		{8A834CD3-EF4C-408A-BE27-50A89C28FA95} = {3E31790E-D9CC-4E4C-B3EF-38D243A72C3E}
		{DE8CD5F7-ECC4-463B-A1BA-2E163C947741} = {25337AF4-1DCD-4521-AA42-F6090F604081}
		{D4395415-E7F3-46AD-9A9F-D81111F271AA} = {25337AF4-1DCD-4521-AA42-F6090F604081}
		{69FF56ED-7339-4B82-8BEE-C2DEEC0F715E} = {25337AF4-1DCD-4521-AA42-F6090F604081}
		{30856991-365E-4B95-B441-D288400BA35D} = {25337AF4-1DCD-4521-AA42-F6090F604081}
		{D909B9C4-1D46-4ABF-8627-E7438CC80796} = {25337AF4-1DCD-4521-AA42-F6090F604081}
		{3CCAC993-4EDA-401C-A858-16141E7A02E2} = {25337AF4-1DCD-4521-AA42-F6090F604081}
		{9603871B-DC36-4469-8814-332A0FB58704} = {D60C3BDB-4ED1-48F8-B82D-F019EB8B3F09}
	EndGlobalSection
EndGlobal
